
Microsoft Visual Studio Solution File, Format Version 12.00
# Visual Studio Version 17
VisualStudioVersion = 17.0.31903.59
MinimumVisualStudioVersion = 10.0.40219.1
Project("{FAE04EC0-301F-11D3-BF4B-00C04F79EFBC}") = "Core", "Core\Core.csproj", "{C38E897A-4B2A-4D1B-A139-1739FAF83906}"
EndProject
Project("{FAE04EC0-301F-11D3-BF4B-00C04F79EFBC}") = "Core.Tests", "Core.Tests\Core.Tests.csproj", "{FAD88283-DB0D-4FD8-B2DD-7F9039642166}"
EndProject
Global
	GlobalSection(SolutionConfigurationPlatforms) = preSolution
		Debug|Any CPU = Debug|Any CPU
		Release|Any CPU = Release|Any CPU
	EndGlobalSection
	GlobalSection(SolutionProperties) = preSolution
		HideSolutionNode = FALSE
	EndGlobalSection
	GlobalSection(ProjectConfigurationPlatforms) = postSolution
		{C38E897A-4B2A-4D1B-A139-1739FAF83906}.Debug|Any CPU.ActiveCfg = Debug|Any CPU
		{C38E897A-4B2A-4D1B-A139-1739FAF83906}.Debug|Any CPU.Build.0 = Debug|Any CPU
		{C38E897A-4B2A-4D1B-A139-1739FAF83906}.Release|Any CPU.ActiveCfg = Release|Any CPU
		{C38E897A-4B2A-4D1B-A139-1739FAF83906}.Release|Any CPU.Build.0 = Release|Any CPU
		{FAD88283-DB0D-4FD8-B2DD-7F9039642166}.Debug|Any CPU.ActiveCfg = Debug|Any CPU
		{FAD88283-DB0D-4FD8-B2DD-7F9039642166}.Debug|Any CPU.Build.0 = Debug|Any CPU
		{FAD88283-DB0D-4FD8-B2DD-7F9039642166}.Release|Any CPU.ActiveCfg = Release|Any CPU
		{FAD88283-DB0D-4FD8-B2DD-7F9039642166}.Release|Any CPU.Build.0 = Release|Any CPU
	EndGlobalSection
EndGlobal
